{
  "name": "document",
  "version": "1.0.0",
  "lockfileVersion": 2,
  "requires": true,
  "packages": {
    "": {
      "name": "document",
      "version": "1.0.0",
      "license": "ISC",
      "dependencies": {
        "document": "^0.0.0"
      }
    },
    "node_modules/document": {
      "version": "0.0.0",
      "resolved": "https://registry.npmjs.org/document/-/document-0.0.0.tgz",
      "integrity": "sha512-u0m9+F9IGJvlAM/iBbXiGkaL6d0CdKYjfRnEg1O3OU139YBJ1X0+2GMBK3pqkUJKIGg9C//OVAZMCVya7a7G1g=="
    }
  },
  "dependencies": {
    "document": {
      "version": "0.0.0",
      "resolved": "https://registry.npmjs.org/document/-/document-0.0.0.tgz",
      "integrity": "sha512-u0m9+F9IGJvlAM/iBbXiGkaL6d0CdKYjfRnEg1O3OU139YBJ1X0+2GMBK3pqkUJKIGg9C//OVAZMCVya7a7G1g=="
    }
  }
}
